
Microsoft Visual Studio Solution File, Format Version 12.00
# Visual Studio Version 17
VisualStudioVersion = 17.2.32526.322
MinimumVisualStudioVersion = 10.0.40219.1
Project("{2150E333-8FDC-42A3-9474-1A3956D46DE8}") = "Singleton", "Singleton", "{073FB7F1-AB6C-4423-8B61-E8FE4C16029D}"
EndProject
Project("{FAE04EC0-301F-11D3-BF4B-00C04F79EFBC}") = "Logger", "Singleton\Logger\Logger.csproj", "{1F95541D-4826-4DCA-A53A-CF9BB73C0AA9}"
EndProject
Global
	GlobalSection(SolutionConfigurationPlatforms) = preSolution
		Debug|Any CPU = Debug|Any CPU
		Release|Any CPU = Release|Any CPU
	EndGlobalSection
	GlobalSection(ProjectConfigurationPlatforms) = postSolution
		{1F95541D-4826-4DCA-A53A-CF9BB73C0AA9}.Debug|Any CPU.ActiveCfg = Debug|Any CPU
		{1F95541D-4826-4DCA-A53A-CF9BB73C0AA9}.Debug|Any CPU.Build.0 = Debug|Any CPU
		{1F95541D-4826-4DCA-A53A-CF9BB73C0AA9}.Release|Any CPU.ActiveCfg = Release|Any CPU
		{1F95541D-4826-4DCA-A53A-CF9BB73C0AA9}.Release|Any CPU.Build.0 = Release|Any CPU
	EndGlobalSection
	GlobalSection(SolutionProperties) = preSolution
		HideSolutionNode = FALSE
	EndGlobalSection
	GlobalSection(NestedProjects) = preSolution
		{1F95541D-4826-4DCA-A53A-CF9BB73C0AA9} = {073FB7F1-AB6C-4423-8B61-E8FE4C16029D}
	EndGlobalSection
	GlobalSection(ExtensibilityGlobals) = postSolution
		SolutionGuid = {DC5EE6FF-6633-4F3A-8024-3486296D1B4F}
	EndGlobalSection
EndGlobal
