
Microsoft Visual Studio Solution File, Format Version 12.00
# Visual Studio Version 17
VisualStudioVersion = 17.2.32526.322
MinimumVisualStudioVersion = 10.0.40219.1
Project("{2150E333-8FDC-42A3-9474-1A3956D46DE8}") = "Facade", "Facade", "{0ABA1265-EB5D-4D39-BA84-23B548D030B4}"
EndProject
Project("{FAE04EC0-301F-11D3-BF4B-00C04F79EFBC}") = "Garage", "Facade\Garage\Garage.csproj", "{32E37EF9-7342-464F-9967-91316E2AB074}"
EndProject
Global
	GlobalSection(SolutionConfigurationPlatforms) = preSolution
		Debug|Any CPU = Debug|Any CPU
		Release|Any CPU = Release|Any CPU
	EndGlobalSection
	GlobalSection(ProjectConfigurationPlatforms) = postSolution
		{32E37EF9-7342-464F-9967-91316E2AB074}.Debug|Any CPU.ActiveCfg = Debug|Any CPU
		{32E37EF9-7342-464F-9967-91316E2AB074}.Debug|Any CPU.Build.0 = Debug|Any CPU
		{32E37EF9-7342-464F-9967-91316E2AB074}.Release|Any CPU.ActiveCfg = Release|Any CPU
		{32E37EF9-7342-464F-9967-91316E2AB074}.Release|Any CPU.Build.0 = Release|Any CPU
	EndGlobalSection
	GlobalSection(SolutionProperties) = preSolution
		HideSolutionNode = FALSE
	EndGlobalSection
	GlobalSection(NestedProjects) = preSolution
		{32E37EF9-7342-464F-9967-91316E2AB074} = {0ABA1265-EB5D-4D39-BA84-23B548D030B4}
	EndGlobalSection
	GlobalSection(ExtensibilityGlobals) = postSolution
		SolutionGuid = {EDB7ED68-0E7B-4917-9E4C-796872B7A86A}
	EndGlobalSection
EndGlobal
